
Microsoft Visual Studio Solution File, Format Version 12.00
# Visual Studio 15
Project("{FAE04EC0-301F-11D3-BF4B-00C04F79EFBC}") = "Stimulant", "Stimulant\Stimulant.csproj", "{9921278B-BF0E-41A6-9065-65C6621AB90E}"
EndProject
Project("{FAE04EC0-301F-11D3-BF4B-00C04F79EFBC}") = "StimulantAUv3", "StimulantAUv3\StimulantAUv3.csproj", "{E25A9F9D-320D-4AFF-BB4D-60E5ECC49069}"
EndProject
Global
	GlobalSection(SolutionConfigurationPlatforms) = preSolution
		Debug|iPhoneSimulator = Debug|iPhoneSimulator
		Release|iPhoneSimulator = Release|iPhoneSimulator
		Debug|iPhone = Debug|iPhone
		Release|iPhone = Release|iPhone
	EndGlobalSection
	GlobalSection(ProjectConfigurationPlatforms) = postSolution
		{9921278B-BF0E-41A6-9065-65C6621AB90E}.Debug|iPhoneSimulator.ActiveCfg = Debug|iPhoneSimulator
		{9921278B-BF0E-41A6-9065-65C6621AB90E}.Debug|iPhoneSimulator.Build.0 = Debug|iPhoneSimulator
		{9921278B-BF0E-41A6-9065-65C6621AB90E}.Release|iPhoneSimulator.ActiveCfg = Release|iPhoneSimulator
		{9921278B-BF0E-41A6-9065-65C6621AB90E}.Release|iPhoneSimulator.Build.0 = Release|iPhoneSimulator
		{9921278B-BF0E-41A6-9065-65C6621AB90E}.Debug|iPhone.ActiveCfg = Debug|iPhone
		{9921278B-BF0E-41A6-9065-65C6621AB90E}.Debug|iPhone.Build.0 = Debug|iPhone
		{9921278B-BF0E-41A6-9065-65C6621AB90E}.Release|iPhone.ActiveCfg = Release|iPhone
		{9921278B-BF0E-41A6-9065-65C6621AB90E}.Release|iPhone.Build.0 = Release|iPhone
		{E25A9F9D-320D-4AFF-BB4D-60E5ECC49069}.Debug|iPhoneSimulator.ActiveCfg = Debug|iPhoneSimulator
		{E25A9F9D-320D-4AFF-BB4D-60E5ECC49069}.Debug|iPhoneSimulator.Build.0 = Debug|iPhoneSimulator
		{E25A9F9D-320D-4AFF-BB4D-60E5ECC49069}.Release|iPhoneSimulator.ActiveCfg = Release|iPhoneSimulator
		{E25A9F9D-320D-4AFF-BB4D-60E5ECC49069}.Release|iPhoneSimulator.Build.0 = Release|iPhoneSimulator
		{E25A9F9D-320D-4AFF-BB4D-60E5ECC49069}.Debug|iPhone.ActiveCfg = Debug|iPhone
		{E25A9F9D-320D-4AFF-BB4D-60E5ECC49069}.Debug|iPhone.Build.0 = Debug|iPhone
		{E25A9F9D-320D-4AFF-BB4D-60E5ECC49069}.Release|iPhone.ActiveCfg = Release|iPhone
		{E25A9F9D-320D-4AFF-BB4D-60E5ECC49069}.Release|iPhone.Build.0 = Release|iPhone
	EndGlobalSection
EndGlobal
